
Microsoft Visual Studio Solution File, Format Version 12.00
# Visual Studio Version 16
VisualStudioVersion = 16.0.32630.194
MinimumVisualStudioVersion = 10.0.40219.1
Project("{FAE04EC0-301F-11D3-BF4B-00C04F79EFBC}") = "OOP_DatabaseTest_24", "OOP_DatabaseTest_24\OOP_DatabaseTest_24.csproj", "{CFD8AF3F-ACCF-4E2B-8C11-50E5887C98AC}"
EndProject
Global
	GlobalSection(SolutionConfigurationPlatforms) = preSolution
		Debug|Any CPU = Debug|Any CPU
		Release|Any CPU = Release|Any CPU
	EndGlobalSection
	GlobalSection(ProjectConfigurationPlatforms) = postSolution
		{CFD8AF3F-ACCF-4E2B-8C11-50E5887C98AC}.Debug|Any CPU.ActiveCfg = Debug|Any CPU
		{CFD8AF3F-ACCF-4E2B-8C11-50E5887C98AC}.Debug|Any CPU.Build.0 = Debug|Any CPU
		{CFD8AF3F-ACCF-4E2B-8C11-50E5887C98AC}.Release|Any CPU.ActiveCfg = Release|Any CPU
		{CFD8AF3F-ACCF-4E2B-8C11-50E5887C98AC}.Release|Any CPU.Build.0 = Release|Any CPU
	EndGlobalSection
	GlobalSection(SolutionProperties) = preSolution
		HideSolutionNode = FALSE
	EndGlobalSection
	GlobalSection(ExtensibilityGlobals) = postSolution
		SolutionGuid = {F0E2A022-9227-413E-B3B8-5E3E682E351E}
	EndGlobalSection
EndGlobal
